// !$*UTF8*$!
{
	archiveVersion = 1;
	classes = {
	};
	objectVersion = 50;
	objects = {

/* Begin PBXBuildFile section */
		B82A8F5522B24306009E2534 /* SqueezeNet.mlmodel in Sources */ = {isa = PBXBuildFile; fileRef = B82A8F5422B24306009E2534 /* SqueezeNet.mlmodel */; };
		B861314822B1026B0033AADF /* AppDelegate.swift in Sources */ = {isa = PBXBuildFile; fileRef = B861314722B1026B0033AADF /* AppDelegate.swift */; };
		B861314A22B1026B0033AADF /* CameraVC.swift in Sources */ = {isa = PBXBuildFile; fileRef = B861314922B1026B0033AADF /* CameraVC.swift */; };
		B861314D22B1026B0033AADF /* Main.storyboard in Resources */ = {isa = PBXBuildFile; fileRef = B861314B22B1026B0033AADF /* Main.storyboard */; };
		B861314F22B1026C0033AADF /* Assets.xcassets in Resources */ = {isa = PBXBuildFile; fileRef = B861314E22B1026C0033AADF /* Assets.xcassets */; };
		B861315222B1026C0033AADF /* LaunchScreen.storyboard in Resources */ = {isa = PBXBuildFile; fileRef = B861315022B1026C0033AADF /* LaunchScreen.storyboard */; };
		B861315F22B10B350033AADF /* RoundedShadowView.swift in Sources */ = {isa = PBXBuildFile; fileRef = B861315E22B10B350033AADF /* RoundedShadowView.swift */; };
		B861316122B10DDD0033AADF /* RoundedShadowButton.swift in Sources */ = {isa = PBXBuildFile; fileRef = B861316022B10DDD0033AADF /* RoundedShadowButton.swift */; };
/* End PBXBuildFile section */

/* Begin PBXFileReference section */
		B82A8F5422B24306009E2534 /* SqueezeNet.mlmodel */ = {isa = PBXFileReference; lastKnownFileType = file.mlmodel; path = SqueezeNet.mlmodel; sourceTree = "<group>"; };
		B861314422B1026B0033AADF /* object-recognition-app.app */ = {isa = PBXFileReference; explicitFileType = wrapper.application; includeInIndex = 0; path = "object-recognition-app.app"; sourceTree = BUILT_PRODUCTS_DIR; };
		B861314722B1026B0033AADF /* AppDelegate.swift */ = {isa = PBXFileReference; lastKnownFileType = sourcecode.swift; path = AppDelegate.swift; sourceTree = "<group>"; };
		B861314922B1026B0033AADF /* CameraVC.swift */ = {isa = PBXFileReference; lastKnownFileType = sourcecode.swift; path = CameraVC.swift; sourceTree = "<group>"; };
		B861314C22B1026B0033AADF /* Base */ = {isa = PBXFileReference; lastKnownFileType = file.storyboard; name = Base; path = Base.lproj/Main.storyboard; sourceTree = "<group>"; };
		B861314E22B1026C0033AADF /* Assets.xcassets */ = {isa = PBXFileReference; lastKnownFileType = folder.assetcatalog; path = Assets.xcassets; sourceTree = "<group>"; };
		B861315122B1026C0033AADF /* Base */ = {isa = PBXFileReference; lastKnownFileType = file.storyboard; name = Base; path = Base.lproj/LaunchScreen.storyboard; sourceTree = "<group>"; };
		B861315322B1026C0033AADF /* Info.plist */ = {isa = PBXFileReference; lastKnownFileType = text.plist.xml; path = Info.plist; sourceTree = "<group>"; };
		B861315E22B10B350033AADF /* RoundedShadowView.swift */ = {isa = PBXFileReference; lastKnownFileType = sourcecode.swift; path = RoundedShadowView.swift; sourceTree = "<group>"; };
		B861316022B10DDD0033AADF /* RoundedShadowButton.swift */ = {isa = PBXFileReference; lastKnownFileType = sourcecode.swift; path = RoundedShadowButton.swift; sourceTree = "<group>"; };
/* End PBXFileReference section */

/* Begin PBXFrameworksBuildPhase section */
		B861314122B1026B0033AADF /* Frameworks */ = {
			isa = PBXFrameworksBuildPhase;
			buildActionMask = 2147483647;
			files = (
			);
			runOnlyForDeploymentPostprocessing = 0;
		};
/* End PBXFrameworksBuildPhase section */

/* Begin PBXGroup section */
		B861313B22B1026B0033AADF = {
			isa = PBXGroup;
			children = (
				B861314622B1026B0033AADF /* object-recognition-app */,
				B861314522B1026B0033AADF /* Products */,
			);
			sourceTree = "<group>";
		};
		B861314522B1026B0033AADF /* Products */ = {
			isa = PBXGroup;
			children = (
				B861314422B1026B0033AADF /* object-recognition-app.app */,
			);
			name = Products;
			sourceTree = "<group>";
		};
		B861314622B1026B0033AADF /* object-recognition-app */ = {
			isa = PBXGroup;
			children = (
				B82A8F5422B24306009E2534 /* SqueezeNet.mlmodel */,
				B861315B22B104C00033AADF /* Resources */,
				B861315A22B104BA0033AADF /* View */,
				B861315922B104A70033AADF /* Controller */,
				B861314722B1026B0033AADF /* AppDelegate.swift */,
				B861314B22B1026B0033AADF /* Main.storyboard */,
				B861314E22B1026C0033AADF /* Assets.xcassets */,
				B861315022B1026C0033AADF /* LaunchScreen.storyboard */,
				B861315322B1026C0033AADF /* Info.plist */,
			);
			path = "object-recognition-app";
			sourceTree = "<group>";
		};
		B861315922B104A70033AADF /* Controller */ = {
			isa = PBXGroup;
			children = (
				B861314922B1026B0033AADF /* CameraVC.swift */,
			);
			path = Controller;
			sourceTree = "<group>";
		};
		B861315A22B104BA0033AADF /* View */ = {
			isa = PBXGroup;
			children = (
				B861315E22B10B350033AADF /* RoundedShadowView.swift */,
				B861316022B10DDD0033AADF /* RoundedShadowButton.swift */,
			);
			path = View;
			sourceTree = "<group>";
		};
		B861315B22B104C00033AADF /* Resources */ = {
			isa = PBXGroup;
			children = (
			);
			path = Resources;
			sourceTree = "<group>";
		};
/* End PBXGroup section */

/* Begin PBXNativeTarget section */
		B861314322B1026B0033AADF /* object-recognition-app */ = {
			isa = PBXNativeTarget;
			buildConfigurationList = B861315622B1026C0033AADF /* Build configuration list for PBXNativeTarget "object-recognition-app" */;
			buildPhases = (
				B861314022B1026B0033AADF /* Sources */,
				B861314122B1026B0033AADF /* Frameworks */,
				B861314222B1026B0033AADF /* Resources */,
			);
			buildRules = (
			);
			dependencies = (
			);
			name = "object-recognition-app";
			productName = "object-recognition-app";
			productReference = B861314422B1026B0033AADF /* object-recognition-app.app */;
			productType = "com.apple.product-type.application";
		};
/* End PBXNativeTarget section */

/* Begin PBXProject section */
		B861313C22B1026B0033AADF /* Project object */ = {
			isa = PBXProject;
			attributes = {
				LastSwiftUpdateCheck = 1020;
				LastUpgradeCheck = 1020;
				ORGANIZATIONNAME = "tam-lam";
				TargetAttributes = {
					B861314322B1026B0033AADF = {
						CreatedOnToolsVersion = 10.2.1;
					};
				};
			};
			buildConfigurationList = B861313F22B1026B0033AADF /* Build configuration list for PBXProject "object-recognition-app" */;
			compatibilityVersion = "Xcode 9.3";
			developmentRegion = en;
			hasScannedForEncodings = 0;
			knownRegions = (
				en,
				Base,
			);
			mainGroup = B861313B22B1026B0033AADF;
			productRefGroup = B861314522B1026B0033AADF /* Products */;
			projectDirPath = "";
			projectRoot = "";
			targets = (
				B861314322B1026B0033AADF /* object-recognition-app */,
			);
		};
/* End PBXProject section */

/* Begin PBXResourcesBuildPhase section */
		B861314222B1026B0033AADF /* Resources */ = {
			isa = PBXResourcesBuildPhase;
			buildActionMask = 2147483647;
			files = (
				B861315222B1026C0033AADF /* LaunchScreen.storyboard in Resources */,
				B861314F22B1026C0033AADF /* Assets.xcassets in Resources */,
				B861314D22B1026B0033AADF /* Main.storyboard in Resources */,
			);
			runOnlyForDeploymentPostprocessing = 0;
		};
/* End PBXResourcesBuildPhase section */

/* Begin PBXSourcesBuildPhase section */
		B861314022B1026B0033AADF /* Sources */ = {
			isa = PBXSourcesBuildPhase;
			buildActionMask = 2147483647;
			files = (
				B861314A22B1026B0033AADF /* CameraVC.swift in Sources */,
				B861314822B1026B0033AADF /* AppDelegate.swift in Sources */,
				B82A8F5522B24306009E2534 /* SqueezeNet.mlmodel in Sources */,
				B861315F22B10B350033AADF /* RoundedShadowView.swift in Sources */,
				B861316122B10DDD0033AADF /* RoundedShadowButton.swift in Sources */,
			);
			runOnlyForDeploymentPostprocessing = 0;
		};
/* End PBXSourcesBuildPhase section */

/* Begin PBXVariantGroup section */
		B861314B22B1026B0033AADF /* Main.storyboard */ = {
			isa = PBXVariantGroup;
			children = (
				B861314C22B1026B0033AADF /* Base */,
			);
			name = Main.storyboard;
			sourceTree = "<group>";
		};
		B861315022B1026C0033AADF /* LaunchScreen.storyboard */ = {
			isa = PBXVariantGroup;
			children = (
				B861315122B1026C0033AADF /* Base */,
			);
			name = LaunchScreen.storyboard;
			sourceTree = "<group>";
		};
/* End PBXVariantGroup section */

/* Begin XCBuildConfiguration section */
		B861315422B1026C0033AADF /* Debug */ = {
			isa = XCBuildConfiguration;
			buildSettings = {
				ALWAYS_SEARCH_USER_PATHS = NO;
				CLANG_ANALYZER_NONNULL = YES;
				CLANG_ANALYZER_NUMBER_OBJECT_CONVERSION = YES_AGGRESSIVE;
				CLANG_CXX_LANGUAGE_STANDARD = "gnu++14";
				CLANG_CXX_LIBRARY = "libc++";
				CLANG_ENABLE_MODULES = YES;
				CLANG_ENABLE_OBJC_ARC = YES;
				CLANG_ENABLE_OBJC_WEAK = YES;
				CLANG_WARN_BLOCK_CAPTURE_AUTORELEASING = YES;
				CLANG_WARN_BOOL_CONVERSION = YES;
				CLANG_WARN_COMMA = YES;
				CLANG_WARN_CONSTANT_CONVERSION = YES;
				CLANG_WARN_DEPRECATED_OBJC_IMPLEMENTATIONS = YES;
				CLANG_WARN_DIRECT_OBJC_ISA_USAGE = YES_ERROR;
				CLANG_WARN_DOCUMENTATION_COMMENTS = YES;
				CLANG_WARN_EMPTY_BODY = YES;
				CLANG_WARN_ENUM_CONVERSION = YES;
				CLANG_WARN_INFINITE_RECURSION = YES;
				CLANG_WARN_INT_CONVERSION = YES;
				CLANG_WARN_NON_LITERAL_NULL_CONVERSION = YES;
				CLANG_WARN_OBJC_IMPLICIT_RETAIN_SELF = YES;
				CLANG_WARN_OBJC_LITERAL_CONVERSION = YES;
				CLANG_WARN_OBJC_ROOT_CLASS = YES_ERROR;
				CLANG_WARN_RANGE_LOOP_ANALYSIS = YES;
				CLANG_WARN_STRICT_PROTOTYPES = YES;
				CLANG_WARN_SUSPICIOUS_MOVE = YES;
				CLANG_WARN_UNGUARDED_AVAILABILITY = YES_AGGRESSIVE;
				CLANG_WARN_UNREACHABLE_CODE = YES;
				CLANG_WARN__DUPLICATE_METHOD_MATCH = YES;
				CODE_SIGN_IDENTITY = "iPhone Developer";
				COPY_PHASE_STRIP = NO;
				DEBUG_INFORMATION_FORMAT = dwarf;
				ENABLE_STRICT_OBJC_MSGSEND = YES;
				ENABLE_TESTABILITY = YES;
				GCC_C_LANGUAGE_STANDARD = gnu11;
				GCC_DYNAMIC_NO_PIC = NO;
				GCC_NO_COMMON_BLOCKS = YES;
				GCC_OPTIMIZATION_LEVEL = 0;
				GCC_PREPROCESSOR_DEFINITIONS = (
					"DEBUG=1",
					"$(inherited)",
				);
				GCC_WARN_64_TO_32_BIT_CONVERSION = YES;
				GCC_WARN_ABOUT_RETURN_TYPE = YES_ERROR;
				GCC_WARN_UNDECLARED_SELECTOR = YES;
				GCC_WARN_UNINITIALIZED_AUTOS = YES_AGGRESSIVE;
				GCC_WARN_UNUSED_FUNCTION = YES;
				GCC_WARN_UNUSED_VARIABLE = YES;
				IPHONEOS_DEPLOYMENT_TARGET = 12.2;
				MTL_ENABLE_DEBUG_INFO = INCLUDE_SOURCE;
				MTL_FAST_MATH = YES;
				ONLY_ACTIVE_ARCH = YES;
				SDKROOT = iphoneos;
				SWIFT_ACTIVE_COMPILATION_CONDITIONS = DEBUG;
				SWIFT_OPTIMIZATION_LEVEL = "-Onone";
			};
			name = Debug;
		};
		B861315522B1026C0033AADF /* Release */ = {
			isa = XCBuildConfiguration;
			buildSettings = {
				ALWAYS_SEARCH_USER_PATHS = NO;
				CLANG_ANALYZER_NONNULL = YES;
				CLANG_ANALYZER_NUMBER_OBJECT_CONVERSION = YES_AGGRESSIVE;
				CLANG_CXX_LANGUAGE_STANDARD = "gnu++14";
				CLANG_CXX_LIBRARY = "libc++";
				CLANG_ENABLE_MODULES = YES;
				CLANG_ENABLE_OBJC_ARC = YES;
				CLANG_ENABLE_OBJC_WEAK = YES;
				CLANG_WARN_BLOCK_CAPTURE_AUTORELEASING = YES;
				CLANG_WARN_BOOL_CONVERSION = YES;
				CLANG_WARN_COMMA = YES;
				CLANG_WARN_CONSTANT_CONVERSION = YES;
				CLANG_WARN_DEPRECATED_OBJC_IMPLEMENTATIONS = YES;
				CLANG_WARN_DIRECT_OBJC_ISA_USAGE = YES_ERROR;
				CLANG_WARN_DOCUMENTATION_COMMENTS = YES;
				CLANG_WARN_EMPTY_BODY = YES;
				CLANG_WARN_ENUM_CONVERSION = YES;
				CLANG_WARN_INFINITE_RECURSION = YES;
				CLANG_WARN_INT_CONVERSION = YES;
				CLANG_WARN_NON_LITERAL_NULL_CONVERSION = YES;
				CLANG_WARN_OBJC_IMPLICIT_RETAIN_SELF = YES;
				CLANG_WARN_OBJC_LITERAL_CONVERSION = YES;
				CLANG_WARN_OBJC_ROOT_CLASS = YES_ERROR;
				CLANG_WARN_RANGE_LOOP_ANALYSIS = YES;
				CLANG_WARN_STRICT_PROTOTYPES = YES;
				CLANG_WARN_SUSPICIOUS_MOVE = YES;
				CLANG_WARN_UNGUARDED_AVAILABILITY = YES_AGGRESSIVE;
				CLANG_WARN_UNREACHABLE_CODE = YES;
				CLANG_WARN__DUPLICATE_METHOD_MATCH = YES;
				CODE_SIGN_IDENTITY = "iPhone Developer";
				COPY_PHASE_STRIP = NO;
				DEBUG_INFORMATION_FORMAT = "dwarf-with-dsym";
				ENABLE_NS_ASSERTIONS = NO;
				ENABLE_STRICT_OBJC_MSGSEND = YES;
				GCC_C_LANGUAGE_STANDARD = gnu11;
				GCC_NO_COMMON_BLOCKS = YES;
				GCC_WARN_64_TO_32_BIT_CONVERSION = YES;
				GCC_WARN_ABOUT_RETURN_TYPE = YES_ERROR;
				GCC_WARN_UNDECLARED_SELECTOR = YES;
				GCC_WARN_UNINITIALIZED_AUTOS = YES_AGGRESSIVE;
				GCC_WARN_UNUSED_FUNCTION = YES;
				GCC_WARN_UNUSED_VARIABLE = YES;
				IPHONEOS_DEPLOYMENT_TARGET = 12.2;
				MTL_ENABLE_DEBUG_INFO = NO;
				MTL_FAST_MATH = YES;
				SDKROOT = iphoneos;
				SWIFT_COMPILATION_MODE = wholemodule;
				SWIFT_OPTIMIZATION_LEVEL = "-O";
				VALIDATE_PRODUCT = YES;
			};
			name = Release;
		};
		B861315722B1026C0033AADF /* Debug */ = {
			isa = XCBuildConfiguration;
			buildSettings = {
				ASSETCATALOG_COMPILER_APPICON_NAME = AppIcon;
				CODE_SIGN_STYLE = Automatic;
				DEVELOPMENT_TEAM = 822BXQ3NYT;
				INFOPLIST_FILE = "object-recognition-app/Info.plist";
				LD_RUNPATH_SEARCH_PATHS = (
					"$(inherited)",
					"@executable_path/Frameworks",
				);
				PRODUCT_BUNDLE_IDENTIFIER = "graphene.object-recognition-app";
				PRODUCT_NAME = "$(TARGET_NAME)";
				SWIFT_VERSION = 5.0;
				TARGETED_DEVICE_FAMILY = "1,2";
			};
			name = Debug;
		};
		B861315822B1026C0033AADF /* Release */ = {
			isa = XCBuildConfiguration;
			buildSettings = {
				ASSETCATALOG_COMPILER_APPICON_NAME = AppIcon;
				CODE_SIGN_STYLE = Automatic;
				DEVELOPMENT_TEAM = 822BXQ3NYT;
				INFOPLIST_FILE = "object-recognition-app/Info.plist";
				LD_RUNPATH_SEARCH_PATHS = (
					"$(inherited)",
					"@executable_path/Frameworks",
				);
				PRODUCT_BUNDLE_IDENTIFIER = "graphene.object-recognition-app";
				PRODUCT_NAME = "$(TARGET_NAME)";
				SWIFT_VERSION = 5.0;
				TARGETED_DEVICE_FAMILY = "1,2";
			};
			name = Release;
		};
/* End XCBuildConfiguration section */

/* Begin XCConfigurationList section */
		B861313F22B1026B0033AADF /* Build configuration list for PBXProject "object-recognition-app" */ = {
			isa = XCConfigurationList;
			buildConfigurations = (
				B861315422B1026C0033AADF /* Debug */,
				B861315522B1026C0033AADF /* Release */,
			);
			defaultConfigurationIsVisible = 0;
			defaultConfigurationName = Release;
		};
		B861315622B1026C0033AADF /* Build configuration list for PBXNativeTarget "object-recognition-app" */ = {
			isa = XCConfigurationList;
			buildConfigurations = (
				B861315722B1026C0033AADF /* Debug */,
				B861315822B1026C0033AADF /* Release */,
			);
			defaultConfigurationIsVisible = 0;
			defaultConfigurationName = Release;
		};
/* End XCConfigurationList section */
	};
	rootObject = B861313C22B1026B0033AADF /* Project object */;
}
